// !$*UTF8*$!
{
	archiveVersion = 1;
	classes = {
	};
	objectVersion = 56;
	objects = {

/* Begin PBXBuildFile section */
		7C238C902A03DD5400965700 /* StocksAppApp.swift in Sources */ = {isa = PBXBuildFile; fileRef = 7C238C8F2A03DD5400965700 /* StocksAppApp.swift */; };
		7C238C922A03DD5400965700 /* ContentView.swift in Sources */ = {isa = PBXBuildFile; fileRef = 7C238C912A03DD5400965700 /* ContentView.swift */; };
		7C238C942A03DD5400965700 /* Assets.xcassets in Resources */ = {isa = PBXBuildFile; fileRef = 7C238C932A03DD5400965700 /* Assets.xcassets */; };
		7C238C972A03DD5400965700 /* Preview Assets.xcassets in Resources */ = {isa = PBXBuildFile; fileRef = 7C238C962A03DD5400965700 /* Preview Assets.xcassets */; };
		7C238CA12A03DD5500965700 /* StocksListViewModelTests.swift in Sources */ = {isa = PBXBuildFile; fileRef = 7C238CA02A03DD5500965700 /* StocksListViewModelTests.swift */; };
		7C238CAB2A03DD5500965700 /* StocksAppUITests.swift in Sources */ = {isa = PBXBuildFile; fileRef = 7C238CAA2A03DD5500965700 /* StocksAppUITests.swift */; };
		7C238CAD2A03DD5500965700 /* StocksAppUITestsLaunchTests.swift in Sources */ = {isa = PBXBuildFile; fileRef = 7C238CAC2A03DD5500965700 /* StocksAppUITestsLaunchTests.swift */; };
		7C238CBE2A03DF4B00965700 /* stocks_decoding_failure.json in Resources */ = {isa = PBXBuildFile; fileRef = 7C238CBA2A03DF4B00965700 /* stocks_decoding_failure.json */; };
		7C238CBF2A03DF4B00965700 /* stocks_empty.json in Resources */ = {isa = PBXBuildFile; fileRef = 7C238CBB2A03DF4B00965700 /* stocks_empty.json */; };
		7C238CC12A03DF4B00965700 /* stocks_success.json in Resources */ = {isa = PBXBuildFile; fileRef = 7C238CBD2A03DF4B00965700 /* stocks_success.json */; };
		7C238CC52A03DFE500965700 /* Constants.swift in Sources */ = {isa = PBXBuildFile; fileRef = 7C238CC42A03DFE500965700 /* Constants.swift */; };
		7C238CC92A03E03800965700 /* ErrorView.swift in Sources */ = {isa = PBXBuildFile; fileRef = 7C238CC82A03E03800965700 /* ErrorView.swift */; };
		7C238CCC2A03E04B00965700 /* AsyncError.swift in Sources */ = {isa = PBXBuildFile; fileRef = 7C238CCA2A03E04B00965700 /* AsyncError.swift */; };
		7C238CCD2A03E04B00965700 /* DesignStyle.swift in Sources */ = {isa = PBXBuildFile; fileRef = 7C238CCB2A03E04B00965700 /* DesignStyle.swift */; };
		7C238CD32A03E0B000965700 /* EmptyStocksView.swift in Sources */ = {isa = PBXBuildFile; fileRef = 7C238CCF2A03E0AF00965700 /* EmptyStocksView.swift */; };
		7C238CD42A03E0B000965700 /* StocksListResponse.swift in Sources */ = {isa = PBXBuildFile; fileRef = 7C238CD02A03E0AF00965700 /* StocksListResponse.swift */; };
		7C238CD52A03E0B000965700 /* StocksService.swift in Sources */ = {isa = PBXBuildFile; fileRef = 7C238CD12A03E0B000965700 /* StocksService.swift */; };
		7C238CD62A03E0B000965700 /* StocksListViewModel.swift in Sources */ = {isa = PBXBuildFile; fileRef = 7C238CD22A03E0B000965700 /* StocksListViewModel.swift */; };
		7C238CD92A03E0C800965700 /* StockCell.swift in Sources */ = {isa = PBXBuildFile; fileRef = 7C238CD72A03E0C800965700 /* StockCell.swift */; };
		7C238CDA2A03E0C800965700 /* StocksListView.swift in Sources */ = {isa = PBXBuildFile; fileRef = 7C238CD82A03E0C800965700 /* StocksListView.swift */; };
		7C238CDD2A03EA3F00965700 /* AsyncState.swift in Sources */ = {isa = PBXBuildFile; fileRef = 7C238CDB2A03EA3F00965700 /* AsyncState.swift */; };
		7C238CDE2A03EA3F00965700 /* Extensions+.swift in Sources */ = {isa = PBXBuildFile; fileRef = 7C238CDC2A03EA3F00965700 /* Extensions+.swift */; };
		7CC54B932A05BC5200D64589 /* StockDetailView.swift in Sources */ = {isa = PBXBuildFile; fileRef = 7CC54B922A05BC5200D64589 /* StockDetailView.swift */; };
/* End PBXBuildFile section */

/* Begin PBXContainerItemProxy section */
		7C238C9D2A03DD5500965700 /* PBXContainerItemProxy */ = {
			isa = PBXContainerItemProxy;
			containerPortal = 7C238C842A03DD5400965700 /* Project object */;
			proxyType = 1;
			remoteGlobalIDString = 7C238C8B2A03DD5400965700;
			remoteInfo = StocksApp;
		};
		7C238CA72A03DD5500965700 /* PBXContainerItemProxy */ = {
			isa = PBXContainerItemProxy;
			containerPortal = 7C238C842A03DD5400965700 /* Project object */;
			proxyType = 1;
			remoteGlobalIDString = 7C238C8B2A03DD5400965700;
			remoteInfo = StocksApp;
		};
/* End PBXContainerItemProxy section */

/* Begin PBXFileReference section */
		7C238C8C2A03DD5400965700 /* StocksApp.app */ = {isa = PBXFileReference; explicitFileType = wrapper.application; includeInIndex = 0; path = StocksApp.app; sourceTree = BUILT_PRODUCTS_DIR; };
		7C238C8F2A03DD5400965700 /* StocksAppApp.swift */ = {isa = PBXFileReference; lastKnownFileType = sourcecode.swift; path = StocksAppApp.swift; sourceTree = "<group>"; };
		7C238C912A03DD5400965700 /* ContentView.swift */ = {isa = PBXFileReference; lastKnownFileType = sourcecode.swift; path = ContentView.swift; sourceTree = "<group>"; };
		7C238C932A03DD5400965700 /* Assets.xcassets */ = {isa = PBXFileReference; lastKnownFileType = folder.assetcatalog; path = Assets.xcassets; sourceTree = "<group>"; };
		7C238C962A03DD5400965700 /* Preview Assets.xcassets */ = {isa = PBXFileReference; lastKnownFileType = folder.assetcatalog; path = "Preview Assets.xcassets"; sourceTree = "<group>"; };
		7C238C9C2A03DD5500965700 /* StocksAppTests.xctest */ = {isa = PBXFileReference; explicitFileType = wrapper.cfbundle; includeInIndex = 0; path = StocksAppTests.xctest; sourceTree = BUILT_PRODUCTS_DIR; };
		7C238CA02A03DD5500965700 /* StocksListViewModelTests.swift */ = {isa = PBXFileReference; lastKnownFileType = sourcecode.swift; path = StocksListViewModelTests.swift; sourceTree = "<group>"; };
		7C238CA62A03DD5500965700 /* StocksAppUITests.xctest */ = {isa = PBXFileReference; explicitFileType = wrapper.cfbundle; includeInIndex = 0; path = StocksAppUITests.xctest; sourceTree = BUILT_PRODUCTS_DIR; };
		7C238CAA2A03DD5500965700 /* StocksAppUITests.swift */ = {isa = PBXFileReference; lastKnownFileType = sourcecode.swift; path = StocksAppUITests.swift; sourceTree = "<group>"; };
		7C238CAC2A03DD5500965700 /* StocksAppUITestsLaunchTests.swift */ = {isa = PBXFileReference; lastKnownFileType = sourcecode.swift; path = StocksAppUITestsLaunchTests.swift; sourceTree = "<group>"; };
		7C238CBA2A03DF4B00965700 /* stocks_decoding_failure.json */ = {isa = PBXFileReference; fileEncoding = 4; lastKnownFileType = text.json; path = stocks_decoding_failure.json; sourceTree = "<group>"; };
		7C238CBB2A03DF4B00965700 /* stocks_empty.json */ = {isa = PBXFileReference; fileEncoding = 4; lastKnownFileType = text.json; path = stocks_empty.json; sourceTree = "<group>"; };
		7C238CBD2A03DF4B00965700 /* stocks_success.json */ = {isa = PBXFileReference; fileEncoding = 4; lastKnownFileType = text.json; path = stocks_success.json; sourceTree = "<group>"; };
		7C238CC42A03DFE500965700 /* Constants.swift */ = {isa = PBXFileReference; fileEncoding = 4; lastKnownFileType = sourcecode.swift; path = Constants.swift; sourceTree = "<group>"; };
		7C238CC82A03E03800965700 /* ErrorView.swift */ = {isa = PBXFileReference; fileEncoding = 4; lastKnownFileType = sourcecode.swift; path = ErrorView.swift; sourceTree = "<group>"; };
		7C238CCA2A03E04B00965700 /* AsyncError.swift */ = {isa = PBXFileReference; fileEncoding = 4; lastKnownFileType = sourcecode.swift; path = AsyncError.swift; sourceTree = "<group>"; };
		7C238CCB2A03E04B00965700 /* DesignStyle.swift */ = {isa = PBXFileReference; fileEncoding = 4; lastKnownFileType = sourcecode.swift; path = DesignStyle.swift; sourceTree = "<group>"; };
		7C238CCF2A03E0AF00965700 /* EmptyStocksView.swift */ = {isa = PBXFileReference; fileEncoding = 4; lastKnownFileType = sourcecode.swift; path = EmptyStocksView.swift; sourceTree = "<group>"; };
		7C238CD02A03E0AF00965700 /* StocksListResponse.swift */ = {isa = PBXFileReference; fileEncoding = 4; lastKnownFileType = sourcecode.swift; path = StocksListResponse.swift; sourceTree = "<group>"; };
		7C238CD12A03E0B000965700 /* StocksService.swift */ = {isa = PBXFileReference; fileEncoding = 4; lastKnownFileType = sourcecode.swift; path = StocksService.swift; sourceTree = "<group>"; };
		7C238CD22A03E0B000965700 /* StocksListViewModel.swift */ = {isa = PBXFileReference; fileEncoding = 4; lastKnownFileType = sourcecode.swift; path = StocksListViewModel.swift; sourceTree = "<group>"; };
		7C238CD72A03E0C800965700 /* StockCell.swift */ = {isa = PBXFileReference; fileEncoding = 4; lastKnownFileType = sourcecode.swift; path = StockCell.swift; sourceTree = "<group>"; };
		7C238CD82A03E0C800965700 /* StocksListView.swift */ = {isa = PBXFileReference; fileEncoding = 4; lastKnownFileType = sourcecode.swift; path = StocksListView.swift; sourceTree = "<group>"; };
		7C238CDB2A03EA3F00965700 /* AsyncState.swift */ = {isa = PBXFileReference; fileEncoding = 4; lastKnownFileType = sourcecode.swift; path = AsyncState.swift; sourceTree = "<group>"; };
		7C238CDC2A03EA3F00965700 /* Extensions+.swift */ = {isa = PBXFileReference; fileEncoding = 4; lastKnownFileType = sourcecode.swift; path = "Extensions+.swift"; sourceTree = "<group>"; };
		7CC54B922A05BC5200D64589 /* StockDetailView.swift */ = {isa = PBXFileReference; fileEncoding = 4; lastKnownFileType = sourcecode.swift; path = StockDetailView.swift; sourceTree = "<group>"; };
/* End PBXFileReference section */

/* Begin PBXFrameworksBuildPhase section */
		7C238C892A03DD5400965700 /* Frameworks */ = {
			isa = PBXFrameworksBuildPhase;
			buildActionMask = 2147483647;
			files = (
			);
			runOnlyForDeploymentPostprocessing = 0;
		};
		7C238C992A03DD5500965700 /* Frameworks */ = {
			isa = PBXFrameworksBuildPhase;
			buildActionMask = 2147483647;
			files = (
			);
			runOnlyForDeploymentPostprocessing = 0;
		};
		7C238CA32A03DD5500965700 /* Frameworks */ = {
			isa = PBXFrameworksBuildPhase;
			buildActionMask = 2147483647;
			files = (
			);
			runOnlyForDeploymentPostprocessing = 0;
		};
/* End PBXFrameworksBuildPhase section */

/* Begin PBXGroup section */
		7C238C832A03DD5400965700 = {
			isa = PBXGroup;
			children = (
				7C238C8E2A03DD5400965700 /* StocksApp */,
				7C238C9F2A03DD5500965700 /* StocksAppTests */,
				7C238CA92A03DD5500965700 /* StocksAppUITests */,
				7C238C8D2A03DD5400965700 /* Products */,
			);
			sourceTree = "<group>";
		};
		7C238C8D2A03DD5400965700 /* Products */ = {
			isa = PBXGroup;
			children = (
				7C238C8C2A03DD5400965700 /* StocksApp.app */,
				7C238C9C2A03DD5500965700 /* StocksAppTests.xctest */,
				7C238CA62A03DD5500965700 /* StocksAppUITests.xctest */,
			);
			name = Products;
			sourceTree = "<group>";
		};
		7C238C8E2A03DD5400965700 /* StocksApp */ = {
			isa = PBXGroup;
			children = (
				7C238CC62A03DFF200965700 /* Common */,
				7C238CC22A03DF5D00965700 /* Screens */,
				7C238C8F2A03DD5400965700 /* StocksAppApp.swift */,
				7C238C912A03DD5400965700 /* ContentView.swift */,
				7C238C932A03DD5400965700 /* Assets.xcassets */,
				7C238C952A03DD5400965700 /* Preview Content */,
			);
			path = StocksApp;
			sourceTree = "<group>";
		};
		7C238C952A03DD5400965700 /* Preview Content */ = {
			isa = PBXGroup;
			children = (
				7C238C962A03DD5400965700 /* Preview Assets.xcassets */,
			);
			path = "Preview Content";
			sourceTree = "<group>";
		};
		7C238C9F2A03DD5500965700 /* StocksAppTests */ = {
			isa = PBXGroup;
			children = (
				7C238CB92A03DF2800965700 /* Mock data */,
				7C238CA02A03DD5500965700 /* StocksListViewModelTests.swift */,
			);
			path = StocksAppTests;
			sourceTree = "<group>";
		};
		7C238CA92A03DD5500965700 /* StocksAppUITests */ = {
			isa = PBXGroup;
			children = (
				7C238CAA2A03DD5500965700 /* StocksAppUITests.swift */,
				7C238CAC2A03DD5500965700 /* StocksAppUITestsLaunchTests.swift */,
			);
			path = StocksAppUITests;
			sourceTree = "<group>";
		};
		7C238CB92A03DF2800965700 /* Mock data */ = {
			isa = PBXGroup;
			children = (
				7C238CBA2A03DF4B00965700 /* stocks_decoding_failure.json */,
				7C238CBB2A03DF4B00965700 /* stocks_empty.json */,
				7C238CBD2A03DF4B00965700 /* stocks_success.json */,
			);
			path = "Mock data";
			sourceTree = "<group>";
		};
		7C238CC22A03DF5D00965700 /* Screens */ = {
			isa = PBXGroup;
			children = (
				7CC54B912A05BC3F00D64589 /* StockDetailsView */,
				7C238CCE2A03E06D00965700 /* StocksListView */,
			);
			path = Screens;
			sourceTree = "<group>";
		};
		7C238CC32A03DF6800965700 /* Helpers */ = {
			isa = PBXGroup;
			children = (
				7C238CDB2A03EA3F00965700 /* AsyncState.swift */,
				7C238CDC2A03EA3F00965700 /* Extensions+.swift */,
			);
			path = Helpers;
			sourceTree = "<group>";
		};
		7C238CC62A03DFF200965700 /* Common */ = {
			isa = PBXGroup;
			children = (
				7C238CC42A03DFE500965700 /* Constants.swift */,
				7C238CC72A03E01A00965700 /* Views */,
				7C238CC32A03DF6800965700 /* Helpers */,
				7C238CCA2A03E04B00965700 /* AsyncError.swift */,
				7C238CCB2A03E04B00965700 /* DesignStyle.swift */,
			);
			path = Common;
			sourceTree = "<group>";
		};
		7C238CC72A03E01A00965700 /* Views */ = {
			isa = PBXGroup;
			children = (
				7C238CC82A03E03800965700 /* ErrorView.swift */,
			);
			path = Views;
			sourceTree = "<group>";
		};
		7C238CCE2A03E06D00965700 /* StocksListView */ = {
			isa = PBXGroup;
			children = (
				7C238CCF2A03E0AF00965700 /* EmptyStocksView.swift */,
				7C238CD02A03E0AF00965700 /* StocksListResponse.swift */,
				7C238CD22A03E0B000965700 /* StocksListViewModel.swift */,
				7C238CD12A03E0B000965700 /* StocksService.swift */,
				7C238CD72A03E0C800965700 /* StockCell.swift */,
				7C238CD82A03E0C800965700 /* StocksListView.swift */,
			);
			path = StocksListView;
			sourceTree = "<group>";
		};
		7CC54B912A05BC3F00D64589 /* StockDetailsView */ = {
			isa = PBXGroup;
			children = (
				7CC54B922A05BC5200D64589 /* StockDetailView.swift */,
			);
			path = StockDetailsView;
			sourceTree = "<group>";
		};
/* End PBXGroup section */

/* Begin PBXNativeTarget section */
		7C238C8B2A03DD5400965700 /* StocksApp */ = {
			isa = PBXNativeTarget;
			buildConfigurationList = 7C238CB02A03DD5500965700 /* Build configuration list for PBXNativeTarget "StocksApp" */;
			buildPhases = (
				7C238C882A03DD5400965700 /* Sources */,
				7C238C892A03DD5400965700 /* Frameworks */,
				7C238C8A2A03DD5400965700 /* Resources */,
			);
			buildRules = (
			);
			dependencies = (
			);
			name = StocksApp;
			productName = StocksApp;
			productReference = 7C238C8C2A03DD5400965700 /* StocksApp.app */;
			productType = "com.apple.product-type.application";
		};
		7C238C9B2A03DD5500965700 /* StocksAppTests */ = {
			isa = PBXNativeTarget;
			buildConfigurationList = 7C238CB32A03DD5500965700 /* Build configuration list for PBXNativeTarget "StocksAppTests" */;
			buildPhases = (
				7C238C982A03DD5500965700 /* Sources */,
				7C238C992A03DD5500965700 /* Frameworks */,
				7C238C9A2A03DD5500965700 /* Resources */,
			);
			buildRules = (
			);
			dependencies = (
				7C238C9E2A03DD5500965700 /* PBXTargetDependency */,
			);
			name = StocksAppTests;
			productName = StocksAppTests;
			productReference = 7C238C9C2A03DD5500965700 /* StocksAppTests.xctest */;
			productType = "com.apple.product-type.bundle.unit-test";
		};
		7C238CA52A03DD5500965700 /* StocksAppUITests */ = {
			isa = PBXNativeTarget;
			buildConfigurationList = 7C238CB62A03DD5500965700 /* Build configuration list for PBXNativeTarget "StocksAppUITests" */;
			buildPhases = (
				7C238CA22A03DD5500965700 /* Sources */,
				7C238CA32A03DD5500965700 /* Frameworks */,
				7C238CA42A03DD5500965700 /* Resources */,
			);
			buildRules = (
			);
			dependencies = (
				7C238CA82A03DD5500965700 /* PBXTargetDependency */,
			);
			name = StocksAppUITests;
			productName = StocksAppUITests;
			productReference = 7C238CA62A03DD5500965700 /* StocksAppUITests.xctest */;
			productType = "com.apple.product-type.bundle.ui-testing";
		};
/* End PBXNativeTarget section */

/* Begin PBXProject section */
		7C238C842A03DD5400965700 /* Project object */ = {
			isa = PBXProject;
			attributes = {
				BuildIndependentTargetsInParallel = 1;
				LastSwiftUpdateCheck = 1420;
				LastUpgradeCheck = 1420;
				TargetAttributes = {
					7C238C8B2A03DD5400965700 = {
						CreatedOnToolsVersion = 14.2;
					};
					7C238C9B2A03DD5500965700 = {
						CreatedOnToolsVersion = 14.2;
						TestTargetID = 7C238C8B2A03DD5400965700;
					};
					7C238CA52A03DD5500965700 = {
						CreatedOnToolsVersion = 14.2;
						TestTargetID = 7C238C8B2A03DD5400965700;
					};
				};
			};
			buildConfigurationList = 7C238C872A03DD5400965700 /* Build configuration list for PBXProject "StocksApp" */;
			compatibilityVersion = "Xcode 14.0";
			developmentRegion = en;
			hasScannedForEncodings = 0;
			knownRegions = (
				en,
				Base,
			);
			mainGroup = 7C238C832A03DD5400965700;
			productRefGroup = 7C238C8D2A03DD5400965700 /* Products */;
			projectDirPath = "";
			projectRoot = "";
			targets = (
				7C238C8B2A03DD5400965700 /* StocksApp */,
				7C238C9B2A03DD5500965700 /* StocksAppTests */,
				7C238CA52A03DD5500965700 /* StocksAppUITests */,
			);
		};
/* End PBXProject section */

/* Begin PBXResourcesBuildPhase section */
		7C238C8A2A03DD5400965700 /* Resources */ = {
			isa = PBXResourcesBuildPhase;
			buildActionMask = 2147483647;
			files = (
				7C238C972A03DD5400965700 /* Preview Assets.xcassets in Resources */,
				7C238C942A03DD5400965700 /* Assets.xcassets in Resources */,
			);
			runOnlyForDeploymentPostprocessing = 0;
		};
		7C238C9A2A03DD5500965700 /* Resources */ = {
			isa = PBXResourcesBuildPhase;
			buildActionMask = 2147483647;
			files = (
				7C238CBF2A03DF4B00965700 /* stocks_empty.json in Resources */,
				7C238CC12A03DF4B00965700 /* stocks_success.json in Resources */,
				7C238CBE2A03DF4B00965700 /* stocks_decoding_failure.json in Resources */,
			);
			runOnlyForDeploymentPostprocessing = 0;
		};
		7C238CA42A03DD5500965700 /* Resources */ = {
			isa = PBXResourcesBuildPhase;
			buildActionMask = 2147483647;
			files = (
			);
			runOnlyForDeploymentPostprocessing = 0;
		};
/* End PBXResourcesBuildPhase section */

/* Begin PBXSourcesBuildPhase section */
		7C238C882A03DD5400965700 /* Sources */ = {
			isa = PBXSourcesBuildPhase;
			buildActionMask = 2147483647;
			files = (
				7C238C922A03DD5400965700 /* ContentView.swift in Sources */,
				7CC54B932A05BC5200D64589 /* StockDetailView.swift in Sources */,
				7C238C902A03DD5400965700 /* StocksAppApp.swift in Sources */,
				7C238CD52A03E0B000965700 /* StocksService.swift in Sources */,
				7C238CDE2A03EA3F00965700 /* Extensions+.swift in Sources */,
				7C238CD62A03E0B000965700 /* StocksListViewModel.swift in Sources */,
				7C238CD92A03E0C800965700 /* StockCell.swift in Sources */,
				7C238CDD2A03EA3F00965700 /* AsyncState.swift in Sources */,
				7C238CCC2A03E04B00965700 /* AsyncError.swift in Sources */,
				7C238CD32A03E0B000965700 /* EmptyStocksView.swift in Sources */,
				7C238CCD2A03E04B00965700 /* DesignStyle.swift in Sources */,
				7C238CD42A03E0B000965700 /* StocksListResponse.swift in Sources */,
				7C238CDA2A03E0C800965700 /* StocksListView.swift in Sources */,
				7C238CC52A03DFE500965700 /* Constants.swift in Sources */,
				7C238CC92A03E03800965700 /* ErrorView.swift in Sources */,
			);
			runOnlyForDeploymentPostprocessing = 0;
		};
		7C238C982A03DD5500965700 /* Sources */ = {
			isa = PBXSourcesBuildPhase;
			buildActionMask = 2147483647;
			files = (
				7C238CA12A03DD5500965700 /* StocksListViewModelTests.swift in Sources */,
			);
			runOnlyForDeploymentPostprocessing = 0;
		};
		7C238CA22A03DD5500965700 /* Sources */ = {
			isa = PBXSourcesBuildPhase;
			buildActionMask = 2147483647;
			files = (
				7C238CAB2A03DD5500965700 /* StocksAppUITests.swift in Sources */,
				7C238CAD2A03DD5500965700 /* StocksAppUITestsLaunchTests.swift in Sources */,
			);
			runOnlyForDeploymentPostprocessing = 0;
		};
/* End PBXSourcesBuildPhase section */

/* Begin PBXTargetDependency section */
		7C238C9E2A03DD5500965700 /* PBXTargetDependency */ = {
			isa = PBXTargetDependency;
			target = 7C238C8B2A03DD5400965700 /* StocksApp */;
			targetProxy = 7C238C9D2A03DD5500965700 /* PBXContainerItemProxy */;
		};
		7C238CA82A03DD5500965700 /* PBXTargetDependency */ = {
			isa = PBXTargetDependency;
			target = 7C238C8B2A03DD5400965700 /* StocksApp */;
			targetProxy = 7C238CA72A03DD5500965700 /* PBXContainerItemProxy */;
		};
/* End PBXTargetDependency section */

/* Begin XCBuildConfiguration section */
		7C238CAE2A03DD5500965700 /* Debug */ = {
			isa = XCBuildConfiguration;
			buildSettings = {
				ALWAYS_SEARCH_USER_PATHS = NO;
				CLANG_ANALYZER_NONNULL = YES;
				CLANG_ANALYZER_NUMBER_OBJECT_CONVERSION = YES_AGGRESSIVE;
				CLANG_CXX_LANGUAGE_STANDARD = "gnu++20";
				CLANG_ENABLE_MODULES = YES;
				CLANG_ENABLE_OBJC_ARC = YES;
				CLANG_ENABLE_OBJC_WEAK = YES;
				CLANG_WARN_BLOCK_CAPTURE_AUTORELEASING = YES;
				CLANG_WARN_BOOL_CONVERSION = YES;
				CLANG_WARN_COMMA = YES;
				CLANG_WARN_CONSTANT_CONVERSION = YES;
				CLANG_WARN_DEPRECATED_OBJC_IMPLEMENTATIONS = YES;
				CLANG_WARN_DIRECT_OBJC_ISA_USAGE = YES_ERROR;
				CLANG_WARN_DOCUMENTATION_COMMENTS = YES;
				CLANG_WARN_EMPTY_BODY = YES;
				CLANG_WARN_ENUM_CONVERSION = YES;
				CLANG_WARN_INFINITE_RECURSION = YES;
				CLANG_WARN_INT_CONVERSION = YES;
				CLANG_WARN_NON_LITERAL_NULL_CONVERSION = YES;
				CLANG_WARN_OBJC_IMPLICIT_RETAIN_SELF = YES;
				CLANG_WARN_OBJC_LITERAL_CONVERSION = YES;
				CLANG_WARN_OBJC_ROOT_CLASS = YES_ERROR;
				CLANG_WARN_QUOTED_INCLUDE_IN_FRAMEWORK_HEADER = YES;
				CLANG_WARN_RANGE_LOOP_ANALYSIS = YES;
				CLANG_WARN_STRICT_PROTOTYPES = YES;
				CLANG_WARN_SUSPICIOUS_MOVE = YES;
				CLANG_WARN_UNGUARDED_AVAILABILITY = YES_AGGRESSIVE;
				CLANG_WARN_UNREACHABLE_CODE = YES;
				CLANG_WARN__DUPLICATE_METHOD_MATCH = YES;
				COPY_PHASE_STRIP = NO;
				DEBUG_INFORMATION_FORMAT = dwarf;
				ENABLE_STRICT_OBJC_MSGSEND = YES;
				ENABLE_TESTABILITY = YES;
				GCC_C_LANGUAGE_STANDARD = gnu11;
				GCC_DYNAMIC_NO_PIC = NO;
				GCC_NO_COMMON_BLOCKS = YES;
				GCC_OPTIMIZATION_LEVEL = 0;
				GCC_PREPROCESSOR_DEFINITIONS = (
					"DEBUG=1",
					"$(inherited)",
				);
				GCC_WARN_64_TO_32_BIT_CONVERSION = YES;
				GCC_WARN_ABOUT_RETURN_TYPE = YES_ERROR;
				GCC_WARN_UNDECLARED_SELECTOR = YES;
				GCC_WARN_UNINITIALIZED_AUTOS = YES_AGGRESSIVE;
				GCC_WARN_UNUSED_FUNCTION = YES;
				GCC_WARN_UNUSED_VARIABLE = YES;
				IPHONEOS_DEPLOYMENT_TARGET = 16.2;
				MTL_ENABLE_DEBUG_INFO = INCLUDE_SOURCE;
				MTL_FAST_MATH = YES;
				ONLY_ACTIVE_ARCH = YES;
				SDKROOT = iphoneos;
				SWIFT_ACTIVE_COMPILATION_CONDITIONS = DEBUG;
				SWIFT_OPTIMIZATION_LEVEL = "-Onone";
			};
			name = Debug;
		};
		7C238CAF2A03DD5500965700 /* Release */ = {
			isa = XCBuildConfiguration;
			buildSettings = {
				ALWAYS_SEARCH_USER_PATHS = NO;
				CLANG_ANALYZER_NONNULL = YES;
				CLANG_ANALYZER_NUMBER_OBJECT_CONVERSION = YES_AGGRESSIVE;
				CLANG_CXX_LANGUAGE_STANDARD = "gnu++20";
				CLANG_ENABLE_MODULES = YES;
				CLANG_ENABLE_OBJC_ARC = YES;
				CLANG_ENABLE_OBJC_WEAK = YES;
				CLANG_WARN_BLOCK_CAPTURE_AUTORELEASING = YES;
				CLANG_WARN_BOOL_CONVERSION = YES;
				CLANG_WARN_COMMA = YES;
				CLANG_WARN_CONSTANT_CONVERSION = YES;
				CLANG_WARN_DEPRECATED_OBJC_IMPLEMENTATIONS = YES;
				CLANG_WARN_DIRECT_OBJC_ISA_USAGE = YES_ERROR;
				CLANG_WARN_DOCUMENTATION_COMMENTS = YES;
				CLANG_WARN_EMPTY_BODY = YES;
				CLANG_WARN_ENUM_CONVERSION = YES;
				CLANG_WARN_INFINITE_RECURSION = YES;
				CLANG_WARN_INT_CONVERSION = YES;
				CLANG_WARN_NON_LITERAL_NULL_CONVERSION = YES;
				CLANG_WARN_OBJC_IMPLICIT_RETAIN_SELF = YES;
				CLANG_WARN_OBJC_LITERAL_CONVERSION = YES;
				CLANG_WARN_OBJC_ROOT_CLASS = YES_ERROR;
				CLANG_WARN_QUOTED_INCLUDE_IN_FRAMEWORK_HEADER = YES;
				CLANG_WARN_RANGE_LOOP_ANALYSIS = YES;
				CLANG_WARN_STRICT_PROTOTYPES = YES;
				CLANG_WARN_SUSPICIOUS_MOVE = YES;
				CLANG_WARN_UNGUARDED_AVAILABILITY = YES_AGGRESSIVE;
				CLANG_WARN_UNREACHABLE_CODE = YES;
				CLANG_WARN__DUPLICATE_METHOD_MATCH = YES;
				COPY_PHASE_STRIP = NO;
				DEBUG_INFORMATION_FORMAT = "dwarf-with-dsym";
				ENABLE_NS_ASSERTIONS = NO;
				ENABLE_STRICT_OBJC_MSGSEND = YES;
				GCC_C_LANGUAGE_STANDARD = gnu11;
				GCC_NO_COMMON_BLOCKS = YES;
				GCC_WARN_64_TO_32_BIT_CONVERSION = YES;
				GCC_WARN_ABOUT_RETURN_TYPE = YES_ERROR;
				GCC_WARN_UNDECLARED_SELECTOR = YES;
				GCC_WARN_UNINITIALIZED_AUTOS = YES_AGGRESSIVE;
				GCC_WARN_UNUSED_FUNCTION = YES;
				GCC_WARN_UNUSED_VARIABLE = YES;
				IPHONEOS_DEPLOYMENT_TARGET = 16.2;
				MTL_ENABLE_DEBUG_INFO = NO;
				MTL_FAST_MATH = YES;
				SDKROOT = iphoneos;
				SWIFT_COMPILATION_MODE = wholemodule;
				SWIFT_OPTIMIZATION_LEVEL = "-O";
				VALIDATE_PRODUCT = YES;
			};
			name = Release;
		};
		7C238CB12A03DD5500965700 /* Debug */ = {
			isa = XCBuildConfiguration;
			buildSettings = {
				ASSETCATALOG_COMPILER_APPICON_NAME = AppIcon;
				ASSETCATALOG_COMPILER_GLOBAL_ACCENT_COLOR_NAME = AccentColor;
				CODE_SIGN_STYLE = Automatic;
				CURRENT_PROJECT_VERSION = 1;
				DEVELOPMENT_ASSET_PATHS = "\"StocksApp/Preview Content\"";
				ENABLE_PREVIEWS = YES;
				GENERATE_INFOPLIST_FILE = YES;
				INFOPLIST_KEY_UIApplicationSceneManifest_Generation = YES;
				INFOPLIST_KEY_UIApplicationSupportsIndirectInputEvents = YES;
				INFOPLIST_KEY_UILaunchScreen_Generation = YES;
				INFOPLIST_KEY_UISupportedInterfaceOrientations_iPad = "UIInterfaceOrientationPortrait UIInterfaceOrientationPortraitUpsideDown UIInterfaceOrientationLandscapeLeft UIInterfaceOrientationLandscapeRight";
				INFOPLIST_KEY_UISupportedInterfaceOrientations_iPhone = "UIInterfaceOrientationPortrait UIInterfaceOrientationLandscapeLeft UIInterfaceOrientationLandscapeRight";
				LD_RUNPATH_SEARCH_PATHS = (
					"$(inherited)",
					"@executable_path/Frameworks",
				);
				MARKETING_VERSION = 1.0;
				PRODUCT_BUNDLE_IDENTIFIER = com.cocoateam.StocksApp;
				PRODUCT_NAME = "$(TARGET_NAME)";
				SWIFT_EMIT_LOC_STRINGS = YES;
				SWIFT_VERSION = 5.0;
				TARGETED_DEVICE_FAMILY = "1,2";
			};
			name = Debug;
		};
		7C238CB22A03DD5500965700 /* Release */ = {
			isa = XCBuildConfiguration;
			buildSettings = {
				ASSETCATALOG_COMPILER_APPICON_NAME = AppIcon;
				ASSETCATALOG_COMPILER_GLOBAL_ACCENT_COLOR_NAME = AccentColor;
				CODE_SIGN_STYLE = Automatic;
				CURRENT_PROJECT_VERSION = 1;
				DEVELOPMENT_ASSET_PATHS = "\"StocksApp/Preview Content\"";
				ENABLE_PREVIEWS = YES;
				GENERATE_INFOPLIST_FILE = YES;
				INFOPLIST_KEY_UIApplicationSceneManifest_Generation = YES;
				INFOPLIST_KEY_UIApplicationSupportsIndirectInputEvents = YES;
				INFOPLIST_KEY_UILaunchScreen_Generation = YES;
				INFOPLIST_KEY_UISupportedInterfaceOrientations_iPad = "UIInterfaceOrientationPortrait UIInterfaceOrientationPortraitUpsideDown UIInterfaceOrientationLandscapeLeft UIInterfaceOrientationLandscapeRight";
				INFOPLIST_KEY_UISupportedInterfaceOrientations_iPhone = "UIInterfaceOrientationPortrait UIInterfaceOrientationLandscapeLeft UIInterfaceOrientationLandscapeRight";
				LD_RUNPATH_SEARCH_PATHS = (
					"$(inherited)",
					"@executable_path/Frameworks",
				);
				MARKETING_VERSION = 1.0;
				PRODUCT_BUNDLE_IDENTIFIER = com.cocoateam.StocksApp;
				PRODUCT_NAME = "$(TARGET_NAME)";
				SWIFT_EMIT_LOC_STRINGS = YES;
				SWIFT_VERSION = 5.0;
				TARGETED_DEVICE_FAMILY = "1,2";
			};
			name = Release;
		};
		7C238CB42A03DD5500965700 /* Debug */ = {
			isa = XCBuildConfiguration;
			buildSettings = {
				ALWAYS_EMBED_SWIFT_STANDARD_LIBRARIES = YES;
				BUNDLE_LOADER = "$(TEST_HOST)";
				CODE_SIGN_STYLE = Automatic;
				CURRENT_PROJECT_VERSION = 1;
				GENERATE_INFOPLIST_FILE = YES;
				IPHONEOS_DEPLOYMENT_TARGET = 16.2;
				MARKETING_VERSION = 1.0;
				PRODUCT_BUNDLE_IDENTIFIER = com.cocoateam.StocksAppTests;
				PRODUCT_NAME = "$(TARGET_NAME)";
				SWIFT_EMIT_LOC_STRINGS = NO;
				SWIFT_VERSION = 5.0;
				TARGETED_DEVICE_FAMILY = "1,2";
				TEST_HOST = "$(BUILT_PRODUCTS_DIR)/StocksApp.app/$(BUNDLE_EXECUTABLE_FOLDER_PATH)/StocksApp";
			};
			name = Debug;
		};
		7C238CB52A03DD5500965700 /* Release */ = {
			isa = XCBuildConfiguration;
			buildSettings = {
				ALWAYS_EMBED_SWIFT_STANDARD_LIBRARIES = YES;
				BUNDLE_LOADER = "$(TEST_HOST)";
				CODE_SIGN_STYLE = Automatic;
				CURRENT_PROJECT_VERSION = 1;
				GENERATE_INFOPLIST_FILE = YES;
				IPHONEOS_DEPLOYMENT_TARGET = 16.2;
				MARKETING_VERSION = 1.0;
				PRODUCT_BUNDLE_IDENTIFIER = com.cocoateam.StocksAppTests;
				PRODUCT_NAME = "$(TARGET_NAME)";
				SWIFT_EMIT_LOC_STRINGS = NO;
				SWIFT_VERSION = 5.0;
				TARGETED_DEVICE_FAMILY = "1,2";
				TEST_HOST = "$(BUILT_PRODUCTS_DIR)/StocksApp.app/$(BUNDLE_EXECUTABLE_FOLDER_PATH)/StocksApp";
			};
			name = Release;
		};
		7C238CB72A03DD5500965700 /* Debug */ = {
			isa = XCBuildConfiguration;
			buildSettings = {
				ALWAYS_EMBED_SWIFT_STANDARD_LIBRARIES = YES;
				CODE_SIGN_STYLE = Automatic;
				CURRENT_PROJECT_VERSION = 1;
				GENERATE_INFOPLIST_FILE = YES;
				MARKETING_VERSION = 1.0;
				PRODUCT_BUNDLE_IDENTIFIER = com.cocoateam.StocksAppUITests;
				PRODUCT_NAME = "$(TARGET_NAME)";
				SWIFT_EMIT_LOC_STRINGS = NO;
				SWIFT_VERSION = 5.0;
				TARGETED_DEVICE_FAMILY = "1,2";
				TEST_TARGET_NAME = StocksApp;
			};
			name = Debug;
		};
		7C238CB82A03DD5500965700 /* Release */ = {
			isa = XCBuildConfiguration;
			buildSettings = {
				ALWAYS_EMBED_SWIFT_STANDARD_LIBRARIES = YES;
				CODE_SIGN_STYLE = Automatic;
				CURRENT_PROJECT_VERSION = 1;
				GENERATE_INFOPLIST_FILE = YES;
				MARKETING_VERSION = 1.0;
				PRODUCT_BUNDLE_IDENTIFIER = com.cocoateam.StocksAppUITests;
				PRODUCT_NAME = "$(TARGET_NAME)";
				SWIFT_EMIT_LOC_STRINGS = NO;
				SWIFT_VERSION = 5.0;
				TARGETED_DEVICE_FAMILY = "1,2";
				TEST_TARGET_NAME = StocksApp;
			};
			name = Release;
		};
/* End XCBuildConfiguration section */

/* Begin XCConfigurationList section */
		7C238C872A03DD5400965700 /* Build configuration list for PBXProject "StocksApp" */ = {
			isa = XCConfigurationList;
			buildConfigurations = (
				7C238CAE2A03DD5500965700 /* Debug */,
				7C238CAF2A03DD5500965700 /* Release */,
			);
			defaultConfigurationIsVisible = 0;
			defaultConfigurationName = Release;
		};
		7C238CB02A03DD5500965700 /* Build configuration list for PBXNativeTarget "StocksApp" */ = {
			isa = XCConfigurationList;
			buildConfigurations = (
				7C238CB12A03DD5500965700 /* Debug */,
				7C238CB22A03DD5500965700 /* Release */,
			);
			defaultConfigurationIsVisible = 0;
			defaultConfigurationName = Release;
		};
		7C238CB32A03DD5500965700 /* Build configuration list for PBXNativeTarget "StocksAppTests" */ = {
			isa = XCConfigurationList;
			buildConfigurations = (
				7C238CB42A03DD5500965700 /* Debug */,
				7C238CB52A03DD5500965700 /* Release */,
			);
			defaultConfigurationIsVisible = 0;
			defaultConfigurationName = Release;
		};
		7C238CB62A03DD5500965700 /* Build configuration list for PBXNativeTarget "StocksAppUITests" */ = {
			isa = XCConfigurationList;
			buildConfigurations = (
				7C238CB72A03DD5500965700 /* Debug */,
				7C238CB82A03DD5500965700 /* Release */,
			);
			defaultConfigurationIsVisible = 0;
			defaultConfigurationName = Release;
		};
/* End XCConfigurationList section */
	};
	rootObject = 7C238C842A03DD5400965700 /* Project object */;
}
